
Microsoft Visual Studio Solution File, Format Version 12.00
# Visual Studio 15
VisualStudioVersion = 15.0.27428.2005
MinimumVisualStudioVersion = 10.0.40219.1
Project("{E24C65DC-7377-472B-9ABA-BC803B73C61A}") = "DungeonBuddyOnline", "DungeonBuddyOnline\", "{8ADAB9E6-961A-49BE-BAF0-E2A937DF76BE}"
	ProjectSection(WebsiteProperties) = preProject
		TargetFrameworkMoniker = ".NETFramework,Version%3Dv4.6.1"
		Debug.AspNetCompiler.VirtualPath = "/localhost_59005"
		Debug.AspNetCompiler.PhysicalPath = "DungeonBuddyOnline\"
		Debug.AspNetCompiler.TargetPath = "PrecompiledWeb\localhost_59005\"
		Debug.AspNetCompiler.Updateable = "true"
		Debug.AspNetCompiler.ForceOverwrite = "true"
		Debug.AspNetCompiler.FixedNames = "false"
		Debug.AspNetCompiler.Debug = "True"
		Release.AspNetCompiler.VirtualPath = "/localhost_59005"
		Release.AspNetCompiler.PhysicalPath = "DungeonBuddyOnline\"
		Release.AspNetCompiler.TargetPath = "PrecompiledWeb\localhost_59005\"
		Release.AspNetCompiler.Updateable = "true"
		Release.AspNetCompiler.ForceOverwrite = "true"
		Release.AspNetCompiler.FixedNames = "false"
		Release.AspNetCompiler.Debug = "False"
		VWDPort = "59005"
		SlnRelativePath = "DungeonBuddyOnline\"
		DefaultWebSiteLanguage = "Visual C#"
	EndProjectSection
EndProject
Global
	GlobalSection(SolutionConfigurationPlatforms) = preSolution
		Debug|Any CPU = Debug|Any CPU
	EndGlobalSection
	GlobalSection(ProjectConfigurationPlatforms) = postSolution
		{8ADAB9E6-961A-49BE-BAF0-E2A937DF76BE}.Debug|Any CPU.ActiveCfg = Debug|Any CPU
		{8ADAB9E6-961A-49BE-BAF0-E2A937DF76BE}.Debug|Any CPU.Build.0 = Debug|Any CPU
	EndGlobalSection
	GlobalSection(SolutionProperties) = preSolution
		HideSolutionNode = FALSE
	EndGlobalSection
	GlobalSection(ExtensibilityGlobals) = postSolution
		SolutionGuid = {D18CF6EC-2BB0-4AD5-A54C-835EA060065A}
	EndGlobalSection
EndGlobal
